// !$*UTF8*$!
{
	archiveVersion = 1;
	classes = {
	};
	objectVersion = 56;
	objects = {

/* Begin PBXBuildFile section */
		75181D222915F030008B8A81 /* MoviesListVC.swift in Sources */ = {isa = PBXBuildFile; fileRef = 75181D212915F030008B8A81 /* MoviesListVC.swift */; };
		7535FCDA291567FC00252720 /* AppDelegate.swift in Sources */ = {isa = PBXBuildFile; fileRef = 7535FCD9291567FC00252720 /* AppDelegate.swift */; };
		7535FCDC291567FC00252720 /* SceneDelegate.swift in Sources */ = {isa = PBXBuildFile; fileRef = 7535FCDB291567FC00252720 /* SceneDelegate.swift */; };
		7535FCE1291567FC00252720 /* Main.storyboard in Resources */ = {isa = PBXBuildFile; fileRef = 7535FCDF291567FC00252720 /* Main.storyboard */; };
		7535FCE3291567FD00252720 /* Assets.xcassets in Resources */ = {isa = PBXBuildFile; fileRef = 7535FCE2291567FD00252720 /* Assets.xcassets */; };
		7535FCE6291567FD00252720 /* LaunchScreen.storyboard in Resources */ = {isa = PBXBuildFile; fileRef = 7535FCE4291567FD00252720 /* LaunchScreen.storyboard */; };
		755C22C729158D1800E62D5E /* MovieCategoryVC.swift in Sources */ = {isa = PBXBuildFile; fileRef = 755C22C629158D1800E62D5E /* MovieCategoryVC.swift */; };
		755C22CA29158E8F00E62D5E /* DataModel.xcdatamodeld in Sources */ = {isa = PBXBuildFile; fileRef = 755C22C829158E8F00E62D5E /* DataModel.xcdatamodeld */; };
/* End PBXBuildFile section */

/* Begin PBXFileReference section */
		75181D212915F030008B8A81 /* MoviesListVC.swift */ = {isa = PBXFileReference; lastKnownFileType = sourcecode.swift; path = MoviesListVC.swift; sourceTree = "<group>"; };
		7535FCD6291567FC00252720 /* CoreDataSwiftCRUD.app */ = {isa = PBXFileReference; explicitFileType = wrapper.application; includeInIndex = 0; path = CoreDataSwiftCRUD.app; sourceTree = BUILT_PRODUCTS_DIR; };
		7535FCD9291567FC00252720 /* AppDelegate.swift */ = {isa = PBXFileReference; lastKnownFileType = sourcecode.swift; path = AppDelegate.swift; sourceTree = "<group>"; };
		7535FCDB291567FC00252720 /* SceneDelegate.swift */ = {isa = PBXFileReference; lastKnownFileType = sourcecode.swift; path = SceneDelegate.swift; sourceTree = "<group>"; };
		7535FCE0291567FC00252720 /* Base */ = {isa = PBXFileReference; lastKnownFileType = file.storyboard; name = Base; path = Base.lproj/Main.storyboard; sourceTree = "<group>"; };
		7535FCE2291567FD00252720 /* Assets.xcassets */ = {isa = PBXFileReference; lastKnownFileType = folder.assetcatalog; path = Assets.xcassets; sourceTree = "<group>"; };
		7535FCE5291567FD00252720 /* Base */ = {isa = PBXFileReference; lastKnownFileType = file.storyboard; name = Base; path = Base.lproj/LaunchScreen.storyboard; sourceTree = "<group>"; };
		7535FCE7291567FD00252720 /* Info.plist */ = {isa = PBXFileReference; lastKnownFileType = text.plist.xml; path = Info.plist; sourceTree = "<group>"; };
		755C22C629158D1800E62D5E /* MovieCategoryVC.swift */ = {isa = PBXFileReference; lastKnownFileType = sourcecode.swift; path = MovieCategoryVC.swift; sourceTree = "<group>"; };
		755C22C929158E8F00E62D5E /* DataModel.xcdatamodel */ = {isa = PBXFileReference; lastKnownFileType = wrapper.xcdatamodel; path = DataModel.xcdatamodel; sourceTree = "<group>"; };
/* End PBXFileReference section */

/* Begin PBXFrameworksBuildPhase section */
		7535FCD3291567FC00252720 /* Frameworks */ = {
			isa = PBXFrameworksBuildPhase;
			buildActionMask = 2147483647;
			files = (
			);
			runOnlyForDeploymentPostprocessing = 0;
		};
/* End PBXFrameworksBuildPhase section */

/* Begin PBXGroup section */
		7535FCCD291567FC00252720 = {
			isa = PBXGroup;
			children = (
				7535FCD8291567FC00252720 /* CoreDataSwiftCRUD */,
				7535FCD7291567FC00252720 /* Products */,
			);
			sourceTree = "<group>";
		};
		7535FCD7291567FC00252720 /* Products */ = {
			isa = PBXGroup;
			children = (
				7535FCD6291567FC00252720 /* CoreDataSwiftCRUD.app */,
			);
			name = Products;
			sourceTree = "<group>";
		};
		7535FCD8291567FC00252720 /* CoreDataSwiftCRUD */ = {
			isa = PBXGroup;
			children = (
				7535FCEF29156B6A00252720 /* DataModel */,
				7535FCEE29156B5B00252720 /* Views */,
				7535FCED29156B4D00252720 /* Controllers */,
				7535FCD9291567FC00252720 /* AppDelegate.swift */,
				7535FCDB291567FC00252720 /* SceneDelegate.swift */,
				7535FCE2291567FD00252720 /* Assets.xcassets */,
				7535FCE4291567FD00252720 /* LaunchScreen.storyboard */,
				7535FCE7291567FD00252720 /* Info.plist */,
			);
			path = CoreDataSwiftCRUD;
			sourceTree = "<group>";
		};
		7535FCED29156B4D00252720 /* Controllers */ = {
			isa = PBXGroup;
			children = (
				755C22C629158D1800E62D5E /* MovieCategoryVC.swift */,
				75181D212915F030008B8A81 /* MoviesListVC.swift */,
			);
			path = Controllers;
			sourceTree = "<group>";
		};
		7535FCEE29156B5B00252720 /* Views */ = {
			isa = PBXGroup;
			children = (
				7535FCDF291567FC00252720 /* Main.storyboard */,
			);
			path = Views;
			sourceTree = "<group>";
		};
		7535FCEF29156B6A00252720 /* DataModel */ = {
			isa = PBXGroup;
			children = (
				755C22C829158E8F00E62D5E /* DataModel.xcdatamodeld */,
			);
			path = DataModel;
			sourceTree = "<group>";
		};
/* End PBXGroup section */

/* Begin PBXNativeTarget section */
		7535FCD5291567FC00252720 /* CoreDataSwiftCRUD */ = {
			isa = PBXNativeTarget;
			buildConfigurationList = 7535FCEA291567FD00252720 /* Build configuration list for PBXNativeTarget "CoreDataSwiftCRUD" */;
			buildPhases = (
				7535FCD2291567FC00252720 /* Sources */,
				7535FCD3291567FC00252720 /* Frameworks */,
				7535FCD4291567FC00252720 /* Resources */,
			);
			buildRules = (
			);
			dependencies = (
			);
			name = CoreDataSwiftCRUD;
			productName = CoreDataSwiftCRUD;
			productReference = 7535FCD6291567FC00252720 /* CoreDataSwiftCRUD.app */;
			productType = "com.apple.product-type.application";
		};
/* End PBXNativeTarget section */

/* Begin PBXProject section */
		7535FCCE291567FC00252720 /* Project object */ = {
			isa = PBXProject;
			attributes = {
				BuildIndependentTargetsInParallel = 1;
				LastSwiftUpdateCheck = 1400;
				LastUpgradeCheck = 1400;
				TargetAttributes = {
					7535FCD5291567FC00252720 = {
						CreatedOnToolsVersion = 14.0.1;
					};
				};
			};
			buildConfigurationList = 7535FCD1291567FC00252720 /* Build configuration list for PBXProject "CoreDataSwiftCRUD" */;
			compatibilityVersion = "Xcode 14.0";
			developmentRegion = en;
			hasScannedForEncodings = 0;
			knownRegions = (
				en,
				Base,
			);
			mainGroup = 7535FCCD291567FC00252720;
			productRefGroup = 7535FCD7291567FC00252720 /* Products */;
			projectDirPath = "";
			projectRoot = "";
			targets = (
				7535FCD5291567FC00252720 /* CoreDataSwiftCRUD */,
			);
		};
/* End PBXProject section */

/* Begin PBXResourcesBuildPhase section */
		7535FCD4291567FC00252720 /* Resources */ = {
			isa = PBXResourcesBuildPhase;
			buildActionMask = 2147483647;
			files = (
				7535FCE6291567FD00252720 /* LaunchScreen.storyboard in Resources */,
				7535FCE3291567FD00252720 /* Assets.xcassets in Resources */,
				7535FCE1291567FC00252720 /* Main.storyboard in Resources */,
			);
			runOnlyForDeploymentPostprocessing = 0;
		};
/* End PBXResourcesBuildPhase section */

/* Begin PBXSourcesBuildPhase section */
		7535FCD2291567FC00252720 /* Sources */ = {
			isa = PBXSourcesBuildPhase;
			buildActionMask = 2147483647;
			files = (
				75181D222915F030008B8A81 /* MoviesListVC.swift in Sources */,
				7535FCDA291567FC00252720 /* AppDelegate.swift in Sources */,
				755C22CA29158E8F00E62D5E /* DataModel.xcdatamodeld in Sources */,
				755C22C729158D1800E62D5E /* MovieCategoryVC.swift in Sources */,
				7535FCDC291567FC00252720 /* SceneDelegate.swift in Sources */,
			);
			runOnlyForDeploymentPostprocessing = 0;
		};
/* End PBXSourcesBuildPhase section */

/* Begin PBXVariantGroup section */
		7535FCDF291567FC00252720 /* Main.storyboard */ = {
			isa = PBXVariantGroup;
			children = (
				7535FCE0291567FC00252720 /* Base */,
			);
			name = Main.storyboard;
			sourceTree = "<group>";
		};
		7535FCE4291567FD00252720 /* LaunchScreen.storyboard */ = {
			isa = PBXVariantGroup;
			children = (
				7535FCE5291567FD00252720 /* Base */,
			);
			name = LaunchScreen.storyboard;
			sourceTree = "<group>";
		};
/* End PBXVariantGroup section */

/* Begin XCBuildConfiguration section */
		7535FCE8291567FD00252720 /* Debug */ = {
			isa = XCBuildConfiguration;
			buildSettings = {
				ALWAYS_SEARCH_USER_PATHS = NO;
				CLANG_ANALYZER_NONNULL = YES;
				CLANG_ANALYZER_NUMBER_OBJECT_CONVERSION = YES_AGGRESSIVE;
				CLANG_CXX_LANGUAGE_STANDARD = "gnu++20";
				CLANG_ENABLE_MODULES = YES;
				CLANG_ENABLE_OBJC_ARC = YES;
				CLANG_ENABLE_OBJC_WEAK = YES;
				CLANG_WARN_BLOCK_CAPTURE_AUTORELEASING = YES;
				CLANG_WARN_BOOL_CONVERSION = YES;
				CLANG_WARN_COMMA = YES;
				CLANG_WARN_CONSTANT_CONVERSION = YES;
				CLANG_WARN_DEPRECATED_OBJC_IMPLEMENTATIONS = YES;
				CLANG_WARN_DIRECT_OBJC_ISA_USAGE = YES_ERROR;
				CLANG_WARN_DOCUMENTATION_COMMENTS = YES;
				CLANG_WARN_EMPTY_BODY = YES;
				CLANG_WARN_ENUM_CONVERSION = YES;
				CLANG_WARN_INFINITE_RECURSION = YES;
				CLANG_WARN_INT_CONVERSION = YES;
				CLANG_WARN_NON_LITERAL_NULL_CONVERSION = YES;
				CLANG_WARN_OBJC_IMPLICIT_RETAIN_SELF = YES;
				CLANG_WARN_OBJC_LITERAL_CONVERSION = YES;
				CLANG_WARN_OBJC_ROOT_CLASS = YES_ERROR;
				CLANG_WARN_QUOTED_INCLUDE_IN_FRAMEWORK_HEADER = YES;
				CLANG_WARN_RANGE_LOOP_ANALYSIS = YES;
				CLANG_WARN_STRICT_PROTOTYPES = YES;
				CLANG_WARN_SUSPICIOUS_MOVE = YES;
				CLANG_WARN_UNGUARDED_AVAILABILITY = YES_AGGRESSIVE;
				CLANG_WARN_UNREACHABLE_CODE = YES;
				CLANG_WARN__DUPLICATE_METHOD_MATCH = YES;
				COPY_PHASE_STRIP = NO;
				DEBUG_INFORMATION_FORMAT = dwarf;
				ENABLE_STRICT_OBJC_MSGSEND = YES;
				ENABLE_TESTABILITY = YES;
				GCC_C_LANGUAGE_STANDARD = gnu11;
				GCC_DYNAMIC_NO_PIC = NO;
				GCC_NO_COMMON_BLOCKS = YES;
				GCC_OPTIMIZATION_LEVEL = 0;
				GCC_PREPROCESSOR_DEFINITIONS = (
					"DEBUG=1",
					"$(inherited)",
				);
				GCC_WARN_64_TO_32_BIT_CONVERSION = YES;
				GCC_WARN_ABOUT_RETURN_TYPE = YES_ERROR;
				GCC_WARN_UNDECLARED_SELECTOR = YES;
				GCC_WARN_UNINITIALIZED_AUTOS = YES_AGGRESSIVE;
				GCC_WARN_UNUSED_FUNCTION = YES;
				GCC_WARN_UNUSED_VARIABLE = YES;
				IPHONEOS_DEPLOYMENT_TARGET = 16.0;
				MTL_ENABLE_DEBUG_INFO = INCLUDE_SOURCE;
				MTL_FAST_MATH = YES;
				ONLY_ACTIVE_ARCH = YES;
				SDKROOT = iphoneos;
				SWIFT_ACTIVE_COMPILATION_CONDITIONS = DEBUG;
				SWIFT_OPTIMIZATION_LEVEL = "-Onone";
			};
			name = Debug;
		};
		7535FCE9291567FD00252720 /* Release */ = {
			isa = XCBuildConfiguration;
			buildSettings = {
				ALWAYS_SEARCH_USER_PATHS = NO;
				CLANG_ANALYZER_NONNULL = YES;
				CLANG_ANALYZER_NUMBER_OBJECT_CONVERSION = YES_AGGRESSIVE;
				CLANG_CXX_LANGUAGE_STANDARD = "gnu++20";
				CLANG_ENABLE_MODULES = YES;
				CLANG_ENABLE_OBJC_ARC = YES;
				CLANG_ENABLE_OBJC_WEAK = YES;
				CLANG_WARN_BLOCK_CAPTURE_AUTORELEASING = YES;
				CLANG_WARN_BOOL_CONVERSION = YES;
				CLANG_WARN_COMMA = YES;
				CLANG_WARN_CONSTANT_CONVERSION = YES;
				CLANG_WARN_DEPRECATED_OBJC_IMPLEMENTATIONS = YES;
				CLANG_WARN_DIRECT_OBJC_ISA_USAGE = YES_ERROR;
				CLANG_WARN_DOCUMENTATION_COMMENTS = YES;
				CLANG_WARN_EMPTY_BODY = YES;
				CLANG_WARN_ENUM_CONVERSION = YES;
				CLANG_WARN_INFINITE_RECURSION = YES;
				CLANG_WARN_INT_CONVERSION = YES;
				CLANG_WARN_NON_LITERAL_NULL_CONVERSION = YES;
				CLANG_WARN_OBJC_IMPLICIT_RETAIN_SELF = YES;
				CLANG_WARN_OBJC_LITERAL_CONVERSION = YES;
				CLANG_WARN_OBJC_ROOT_CLASS = YES_ERROR;
				CLANG_WARN_QUOTED_INCLUDE_IN_FRAMEWORK_HEADER = YES;
				CLANG_WARN_RANGE_LOOP_ANALYSIS = YES;
				CLANG_WARN_STRICT_PROTOTYPES = YES;
				CLANG_WARN_SUSPICIOUS_MOVE = YES;
				CLANG_WARN_UNGUARDED_AVAILABILITY = YES_AGGRESSIVE;
				CLANG_WARN_UNREACHABLE_CODE = YES;
				CLANG_WARN__DUPLICATE_METHOD_MATCH = YES;
				COPY_PHASE_STRIP = NO;
				DEBUG_INFORMATION_FORMAT = "dwarf-with-dsym";
				ENABLE_NS_ASSERTIONS = NO;
				ENABLE_STRICT_OBJC_MSGSEND = YES;
				GCC_C_LANGUAGE_STANDARD = gnu11;
				GCC_NO_COMMON_BLOCKS = YES;
				GCC_WARN_64_TO_32_BIT_CONVERSION = YES;
				GCC_WARN_ABOUT_RETURN_TYPE = YES_ERROR;
				GCC_WARN_UNDECLARED_SELECTOR = YES;
				GCC_WARN_UNINITIALIZED_AUTOS = YES_AGGRESSIVE;
				GCC_WARN_UNUSED_FUNCTION = YES;
				GCC_WARN_UNUSED_VARIABLE = YES;
				IPHONEOS_DEPLOYMENT_TARGET = 16.0;
				MTL_ENABLE_DEBUG_INFO = NO;
				MTL_FAST_MATH = YES;
				SDKROOT = iphoneos;
				SWIFT_COMPILATION_MODE = wholemodule;
				SWIFT_OPTIMIZATION_LEVEL = "-O";
				VALIDATE_PRODUCT = YES;
			};
			name = Release;
		};
		7535FCEB291567FD00252720 /* Debug */ = {
			isa = XCBuildConfiguration;
			buildSettings = {
				ASSETCATALOG_COMPILER_APPICON_NAME = AppIcon;
				ASSETCATALOG_COMPILER_GLOBAL_ACCENT_COLOR_NAME = AccentColor;
				CODE_SIGN_STYLE = Automatic;
				CURRENT_PROJECT_VERSION = 1;
				GENERATE_INFOPLIST_FILE = YES;
				INFOPLIST_FILE = CoreDataSwiftCRUD/Info.plist;
				INFOPLIST_KEY_UIApplicationSupportsIndirectInputEvents = YES;
				INFOPLIST_KEY_UILaunchStoryboardName = LaunchScreen;
				INFOPLIST_KEY_UIMainStoryboardFile = Main;
				INFOPLIST_KEY_UISupportedInterfaceOrientations_iPad = "UIInterfaceOrientationPortrait UIInterfaceOrientationPortraitUpsideDown UIInterfaceOrientationLandscapeLeft UIInterfaceOrientationLandscapeRight";
				INFOPLIST_KEY_UISupportedInterfaceOrientations_iPhone = "UIInterfaceOrientationPortrait UIInterfaceOrientationLandscapeLeft UIInterfaceOrientationLandscapeRight";
				LD_RUNPATH_SEARCH_PATHS = (
					"$(inherited)",
					"@executable_path/Frameworks",
				);
				MARKETING_VERSION = 1.0;
				PRODUCT_BUNDLE_IDENTIFIER = nil.CoreDataSwiftCRUD;
				PRODUCT_NAME = "$(TARGET_NAME)";
				SWIFT_EMIT_LOC_STRINGS = YES;
				SWIFT_VERSION = 5.0;
				TARGETED_DEVICE_FAMILY = "1,2";
			};
			name = Debug;
		};
		7535FCEC291567FD00252720 /* Release */ = {
			isa = XCBuildConfiguration;
			buildSettings = {
				ASSETCATALOG_COMPILER_APPICON_NAME = AppIcon;
				ASSETCATALOG_COMPILER_GLOBAL_ACCENT_COLOR_NAME = AccentColor;
				CODE_SIGN_STYLE = Automatic;
				CURRENT_PROJECT_VERSION = 1;
				GENERATE_INFOPLIST_FILE = YES;
				INFOPLIST_FILE = CoreDataSwiftCRUD/Info.plist;
				INFOPLIST_KEY_UIApplicationSupportsIndirectInputEvents = YES;
				INFOPLIST_KEY_UILaunchStoryboardName = LaunchScreen;
				INFOPLIST_KEY_UIMainStoryboardFile = Main;
				INFOPLIST_KEY_UISupportedInterfaceOrientations_iPad = "UIInterfaceOrientationPortrait UIInterfaceOrientationPortraitUpsideDown UIInterfaceOrientationLandscapeLeft UIInterfaceOrientationLandscapeRight";
				INFOPLIST_KEY_UISupportedInterfaceOrientations_iPhone = "UIInterfaceOrientationPortrait UIInterfaceOrientationLandscapeLeft UIInterfaceOrientationLandscapeRight";
				LD_RUNPATH_SEARCH_PATHS = (
					"$(inherited)",
					"@executable_path/Frameworks",
				);
				MARKETING_VERSION = 1.0;
				PRODUCT_BUNDLE_IDENTIFIER = nil.CoreDataSwiftCRUD;
				PRODUCT_NAME = "$(TARGET_NAME)";
				SWIFT_EMIT_LOC_STRINGS = YES;
				SWIFT_VERSION = 5.0;
				TARGETED_DEVICE_FAMILY = "1,2";
			};
			name = Release;
		};
/* End XCBuildConfiguration section */

/* Begin XCConfigurationList section */
		7535FCD1291567FC00252720 /* Build configuration list for PBXProject "CoreDataSwiftCRUD" */ = {
			isa = XCConfigurationList;
			buildConfigurations = (
				7535FCE8291567FD00252720 /* Debug */,
				7535FCE9291567FD00252720 /* Release */,
			);
			defaultConfigurationIsVisible = 0;
			defaultConfigurationName = Release;
		};
		7535FCEA291567FD00252720 /* Build configuration list for PBXNativeTarget "CoreDataSwiftCRUD" */ = {
			isa = XCConfigurationList;
			buildConfigurations = (
				7535FCEB291567FD00252720 /* Debug */,
				7535FCEC291567FD00252720 /* Release */,
			);
			defaultConfigurationIsVisible = 0;
			defaultConfigurationName = Release;
		};
/* End XCConfigurationList section */

/* Begin XCVersionGroup section */
		755C22C829158E8F00E62D5E /* DataModel.xcdatamodeld */ = {
			isa = XCVersionGroup;
			children = (
				755C22C929158E8F00E62D5E /* DataModel.xcdatamodel */,
			);
			currentVersion = 755C22C929158E8F00E62D5E /* DataModel.xcdatamodel */;
			name = DataModel.xcdatamodeld;
			path = ../Controllers/DataModel.xcdatamodeld;
			sourceTree = "<group>";
			versionGroupType = wrapper.xcdatamodel;
		};
/* End XCVersionGroup section */
	};
	rootObject = 7535FCCE291567FC00252720 /* Project object */;
}
